
Microsoft Visual Studio Solution File, Format Version 12.00
# Visual Studio 15
VisualStudioVersion = 15.0.27703.2026
MinimumVisualStudioVersion = 10.0.40219.1
Project("{FAE04EC0-301F-11D3-BF4B-00C04F79EFBC}") = "NIRAS.Revit.TTL_Exporter", "NIRAS.Revit.TTL_Exporter\NIRAS.Revit.TTL_Exporter.csproj", "{B17010D6-5A7E-4065-B251-40D23B9C1148}"
EndProject
Global
	GlobalSection(SolutionConfigurationPlatforms) = preSolution
		Debug|Any CPU = Debug|Any CPU
		Release|Any CPU = Release|Any CPU
	EndGlobalSection
	GlobalSection(ProjectConfigurationPlatforms) = postSolution
		{B17010D6-5A7E-4065-B251-40D23B9C1148}.Debug|Any CPU.ActiveCfg = Debug|Any CPU
		{B17010D6-5A7E-4065-B251-40D23B9C1148}.Debug|Any CPU.Build.0 = Debug|Any CPU
		{B17010D6-5A7E-4065-B251-40D23B9C1148}.Release|Any CPU.ActiveCfg = Release|Any CPU
		{B17010D6-5A7E-4065-B251-40D23B9C1148}.Release|Any CPU.Build.0 = Release|Any CPU
	EndGlobalSection
	GlobalSection(SolutionProperties) = preSolution
		HideSolutionNode = FALSE
	EndGlobalSection
	GlobalSection(ExtensibilityGlobals) = postSolution
		SolutionGuid = {BD8C96ED-5756-4805-B646-4DFE76708BB6}
	EndGlobalSection
EndGlobal
